
Microsoft Visual Studio Solution File, Format Version 12.00
# Visual Studio Version 16
VisualStudioVersion = 16.0.30907.101
MinimumVisualStudioVersion = 10.0.40219.1
Project("{FAE04EC0-301F-11D3-BF4B-00C04F79EFBC}") = "AvitoCommentPosterApi", "AvitoCommentPosterApi\AvitoCommentPosterApi.csproj", "{23639ACC-9DF6-4E3A-B13B-6309320F35C7}"
EndProject
Global
	GlobalSection(SolutionConfigurationPlatforms) = preSolution
		Debug|Any CPU = Debug|Any CPU
		Release|Any CPU = Release|Any CPU
	EndGlobalSection
	GlobalSection(ProjectConfigurationPlatforms) = postSolution
		{23639ACC-9DF6-4E3A-B13B-6309320F35C7}.Debug|Any CPU.ActiveCfg = Debug|Any CPU
		{23639ACC-9DF6-4E3A-B13B-6309320F35C7}.Debug|Any CPU.Build.0 = Debug|Any CPU
		{23639ACC-9DF6-4E3A-B13B-6309320F35C7}.Release|Any CPU.ActiveCfg = Release|Any CPU
		{23639ACC-9DF6-4E3A-B13B-6309320F35C7}.Release|Any CPU.Build.0 = Release|Any CPU
	EndGlobalSection
	GlobalSection(SolutionProperties) = preSolution
		HideSolutionNode = FALSE
	EndGlobalSection
	GlobalSection(ExtensibilityGlobals) = postSolution
		SolutionGuid = {8D610289-59B2-4601-BBF5-F8E587A4F9AD}
	EndGlobalSection
EndGlobal
